
Microsoft Visual Studio Solution File, Format Version 12.00
# Visual Studio Version 16
VisualStudioVersion = 16.0.32106.194
MinimumVisualStudioVersion = 10.0.40219.1
Project("{FAE04EC0-301F-11D3-BF4B-00C04F79EFBC}") = "TaskQuestion", "TaskQuestion\TaskQuestion.csproj", "{85039160-0740-4A7B-B95D-FCA8E0CB8585}"
EndProject
Project("{FAE04EC0-301F-11D3-BF4B-00C04F79EFBC}") = "TaskQuestionTests", "TaskQuestionTests\TaskQuestionTests.csproj", "{A3C14F62-AE96-468D-A006-C374A4055BCC}"
EndProject
Global
	GlobalSection(SolutionConfigurationPlatforms) = preSolution
		Debug|Any CPU = Debug|Any CPU
		Release|Any CPU = Release|Any CPU
	EndGlobalSection
	GlobalSection(ProjectConfigurationPlatforms) = postSolution
		{85039160-0740-4A7B-B95D-FCA8E0CB8585}.Debug|Any CPU.ActiveCfg = Debug|Any CPU
		{85039160-0740-4A7B-B95D-FCA8E0CB8585}.Debug|Any CPU.Build.0 = Debug|Any CPU
		{85039160-0740-4A7B-B95D-FCA8E0CB8585}.Release|Any CPU.ActiveCfg = Release|Any CPU
		{85039160-0740-4A7B-B95D-FCA8E0CB8585}.Release|Any CPU.Build.0 = Release|Any CPU
		{A3C14F62-AE96-468D-A006-C374A4055BCC}.Debug|Any CPU.ActiveCfg = Debug|Any CPU
		{A3C14F62-AE96-468D-A006-C374A4055BCC}.Debug|Any CPU.Build.0 = Debug|Any CPU
		{A3C14F62-AE96-468D-A006-C374A4055BCC}.Release|Any CPU.ActiveCfg = Release|Any CPU
		{A3C14F62-AE96-468D-A006-C374A4055BCC}.Release|Any CPU.Build.0 = Release|Any CPU
	EndGlobalSection
	GlobalSection(SolutionProperties) = preSolution
		HideSolutionNode = FALSE
	EndGlobalSection
	GlobalSection(ExtensibilityGlobals) = postSolution
		SolutionGuid = {943857FC-B0FE-4260-BB75-97C1C06EABF6}
	EndGlobalSection
EndGlobal
